// !$*UTF8*$!
{
	archiveVersion = 1;
	classes = {
	};
	objectVersion = 50;
	objects = {

/* Begin PBXBuildFile section */
		E577C19120F449F900724D3B /* VCQRReader.m in Sources */ = {isa = PBXBuildFile; fileRef = E577C19020F449F900724D3B /* VCQRReader.m */; };
		E5FE017D20EF5EC200EDDE3F /* AppDelegate.m in Sources */ = {isa = PBXBuildFile; fileRef = E5FE017C20EF5EC200EDDE3F /* AppDelegate.m */; };
		E5FE018020EF5EC200EDDE3F /* ViewController.m in Sources */ = {isa = PBXBuildFile; fileRef = E5FE017F20EF5EC200EDDE3F /* ViewController.m */; };
		E5FE018320EF5EC200EDDE3F /* Main.storyboard in Resources */ = {isa = PBXBuildFile; fileRef = E5FE018120EF5EC200EDDE3F /* Main.storyboard */; };
		E5FE018520EF5EC300EDDE3F /* Assets.xcassets in Resources */ = {isa = PBXBuildFile; fileRef = E5FE018420EF5EC300EDDE3F /* Assets.xcassets */; };
		E5FE018820EF5EC300EDDE3F /* LaunchScreen.storyboard in Resources */ = {isa = PBXBuildFile; fileRef = E5FE018620EF5EC300EDDE3F /* LaunchScreen.storyboard */; };
		E5FE018B20EF5EC300EDDE3F /* main.m in Sources */ = {isa = PBXBuildFile; fileRef = E5FE018A20EF5EC300EDDE3F /* main.m */; };
		E5FE019520EF5EC300EDDE3F /* VCQRCodeTests.m in Sources */ = {isa = PBXBuildFile; fileRef = E5FE019420EF5EC300EDDE3F /* VCQRCodeTests.m */; };
		E5FE01A020EF5EC300EDDE3F /* VCQRCodeUITests.m in Sources */ = {isa = PBXBuildFile; fileRef = E5FE019F20EF5EC300EDDE3F /* VCQRCodeUITests.m */; };
		E5FE01AF20EF5F0200EDDE3F /* AVFoundation.framework in Frameworks */ = {isa = PBXBuildFile; fileRef = E5FE01AE20EF5F0200EDDE3F /* AVFoundation.framework */; };
		E5FE01B120EF5F0B00EDDE3F /* AVKit.framework in Frameworks */ = {isa = PBXBuildFile; fileRef = E5FE01B020EF5F0B00EDDE3F /* AVKit.framework */; };
		E5FE01B420EF62E400EDDE3F /* VCQRScanViewController.m in Sources */ = {isa = PBXBuildFile; fileRef = E5FE01B320EF62E400EDDE3F /* VCQRScanViewController.m */; };
		E5FE01B720F2F32300EDDE3F /* VCQRScanView.m in Sources */ = {isa = PBXBuildFile; fileRef = E5FE01B620F2F32300EDDE3F /* VCQRScanView.m */; };
/* End PBXBuildFile section */

/* Begin PBXContainerItemProxy section */
		E5FE019120EF5EC300EDDE3F /* PBXContainerItemProxy */ = {
			isa = PBXContainerItemProxy;
			containerPortal = E5FE017020EF5EC200EDDE3F /* Project object */;
			proxyType = 1;
			remoteGlobalIDString = E5FE017720EF5EC200EDDE3F;
			remoteInfo = VCQRCode;
		};
		E5FE019C20EF5EC300EDDE3F /* PBXContainerItemProxy */ = {
			isa = PBXContainerItemProxy;
			containerPortal = E5FE017020EF5EC200EDDE3F /* Project object */;
			proxyType = 1;
			remoteGlobalIDString = E5FE017720EF5EC200EDDE3F;
			remoteInfo = VCQRCode;
		};
/* End PBXContainerItemProxy section */

/* Begin PBXFileReference section */
		E577C18F20F449F900724D3B /* VCQRReader.h */ = {isa = PBXFileReference; lastKnownFileType = sourcecode.c.h; path = VCQRReader.h; sourceTree = "<group>"; };
		E577C19020F449F900724D3B /* VCQRReader.m */ = {isa = PBXFileReference; lastKnownFileType = sourcecode.c.objc; path = VCQRReader.m; sourceTree = "<group>"; };
		E5FE017820EF5EC200EDDE3F /* VCQRCode.app */ = {isa = PBXFileReference; explicitFileType = wrapper.application; includeInIndex = 0; path = VCQRCode.app; sourceTree = BUILT_PRODUCTS_DIR; };
		E5FE017B20EF5EC200EDDE3F /* AppDelegate.h */ = {isa = PBXFileReference; lastKnownFileType = sourcecode.c.h; path = AppDelegate.h; sourceTree = "<group>"; };
		E5FE017C20EF5EC200EDDE3F /* AppDelegate.m */ = {isa = PBXFileReference; lastKnownFileType = sourcecode.c.objc; path = AppDelegate.m; sourceTree = "<group>"; };
		E5FE017E20EF5EC200EDDE3F /* ViewController.h */ = {isa = PBXFileReference; lastKnownFileType = sourcecode.c.h; path = ViewController.h; sourceTree = "<group>"; };
		E5FE017F20EF5EC200EDDE3F /* ViewController.m */ = {isa = PBXFileReference; lastKnownFileType = sourcecode.c.objc; path = ViewController.m; sourceTree = "<group>"; };
		E5FE018220EF5EC200EDDE3F /* Base */ = {isa = PBXFileReference; lastKnownFileType = file.storyboard; name = Base; path = Base.lproj/Main.storyboard; sourceTree = "<group>"; };
		E5FE018420EF5EC300EDDE3F /* Assets.xcassets */ = {isa = PBXFileReference; lastKnownFileType = folder.assetcatalog; path = Assets.xcassets; sourceTree = "<group>"; };
		E5FE018720EF5EC300EDDE3F /* Base */ = {isa = PBXFileReference; lastKnownFileType = file.storyboard; name = Base; path = Base.lproj/LaunchScreen.storyboard; sourceTree = "<group>"; };
		E5FE018920EF5EC300EDDE3F /* Info.plist */ = {isa = PBXFileReference; lastKnownFileType = text.plist.xml; path = Info.plist; sourceTree = "<group>"; };
		E5FE018A20EF5EC300EDDE3F /* main.m */ = {isa = PBXFileReference; lastKnownFileType = sourcecode.c.objc; path = main.m; sourceTree = "<group>"; };
		E5FE019020EF5EC300EDDE3F /* VCQRCodeTests.xctest */ = {isa = PBXFileReference; explicitFileType = wrapper.cfbundle; includeInIndex = 0; path = VCQRCodeTests.xctest; sourceTree = BUILT_PRODUCTS_DIR; };
		E5FE019420EF5EC300EDDE3F /* VCQRCodeTests.m */ = {isa = PBXFileReference; lastKnownFileType = sourcecode.c.objc; path = VCQRCodeTests.m; sourceTree = "<group>"; };
		E5FE019620EF5EC300EDDE3F /* Info.plist */ = {isa = PBXFileReference; lastKnownFileType = text.plist.xml; path = Info.plist; sourceTree = "<group>"; };
		E5FE019B20EF5EC300EDDE3F /* VCQRCodeUITests.xctest */ = {isa = PBXFileReference; explicitFileType = wrapper.cfbundle; includeInIndex = 0; path = VCQRCodeUITests.xctest; sourceTree = BUILT_PRODUCTS_DIR; };
		E5FE019F20EF5EC300EDDE3F /* VCQRCodeUITests.m */ = {isa = PBXFileReference; lastKnownFileType = sourcecode.c.objc; path = VCQRCodeUITests.m; sourceTree = "<group>"; };
		E5FE01A120EF5EC300EDDE3F /* Info.plist */ = {isa = PBXFileReference; lastKnownFileType = text.plist.xml; path = Info.plist; sourceTree = "<group>"; };
		E5FE01AE20EF5F0200EDDE3F /* AVFoundation.framework */ = {isa = PBXFileReference; lastKnownFileType = wrapper.framework; name = AVFoundation.framework; path = System/Library/Frameworks/AVFoundation.framework; sourceTree = SDKROOT; };
		E5FE01B020EF5F0B00EDDE3F /* AVKit.framework */ = {isa = PBXFileReference; lastKnownFileType = wrapper.framework; name = AVKit.framework; path = System/Library/Frameworks/AVKit.framework; sourceTree = SDKROOT; };
		E5FE01B220EF62E400EDDE3F /* VCQRScanViewController.h */ = {isa = PBXFileReference; lastKnownFileType = sourcecode.c.h; path = VCQRScanViewController.h; sourceTree = "<group>"; };
		E5FE01B320EF62E400EDDE3F /* VCQRScanViewController.m */ = {isa = PBXFileReference; lastKnownFileType = sourcecode.c.objc; path = VCQRScanViewController.m; sourceTree = "<group>"; };
		E5FE01B520F2F32300EDDE3F /* VCQRScanView.h */ = {isa = PBXFileReference; lastKnownFileType = sourcecode.c.h; path = VCQRScanView.h; sourceTree = "<group>"; };
		E5FE01B620F2F32300EDDE3F /* VCQRScanView.m */ = {isa = PBXFileReference; lastKnownFileType = sourcecode.c.objc; path = VCQRScanView.m; sourceTree = "<group>"; };
/* End PBXFileReference section */

/* Begin PBXFrameworksBuildPhase section */
		E5FE017520EF5EC200EDDE3F /* Frameworks */ = {
			isa = PBXFrameworksBuildPhase;
			buildActionMask = 2147483647;
			files = (
				E5FE01B120EF5F0B00EDDE3F /* AVKit.framework in Frameworks */,
				E5FE01AF20EF5F0200EDDE3F /* AVFoundation.framework in Frameworks */,
			);
			runOnlyForDeploymentPostprocessing = 0;
		};
		E5FE018D20EF5EC300EDDE3F /* Frameworks */ = {
			isa = PBXFrameworksBuildPhase;
			buildActionMask = 2147483647;
			files = (
			);
			runOnlyForDeploymentPostprocessing = 0;
		};
		E5FE019820EF5EC300EDDE3F /* Frameworks */ = {
			isa = PBXFrameworksBuildPhase;
			buildActionMask = 2147483647;
			files = (
			);
			runOnlyForDeploymentPostprocessing = 0;
		};
/* End PBXFrameworksBuildPhase section */

/* Begin PBXGroup section */
		E5FE016F20EF5EC200EDDE3F = {
			isa = PBXGroup;
			children = (
				E5FE017A20EF5EC200EDDE3F /* VCQRCode */,
				E5FE019320EF5EC300EDDE3F /* VCQRCodeTests */,
				E5FE019E20EF5EC300EDDE3F /* VCQRCodeUITests */,
				E5FE017920EF5EC200EDDE3F /* Products */,
				E5FE01AD20EF5F0100EDDE3F /* Frameworks */,
			);
			sourceTree = "<group>";
		};
		E5FE017920EF5EC200EDDE3F /* Products */ = {
			isa = PBXGroup;
			children = (
				E5FE017820EF5EC200EDDE3F /* VCQRCode.app */,
				E5FE019020EF5EC300EDDE3F /* VCQRCodeTests.xctest */,
				E5FE019B20EF5EC300EDDE3F /* VCQRCodeUITests.xctest */,
			);
			name = Products;
			sourceTree = "<group>";
		};
		E5FE017A20EF5EC200EDDE3F /* VCQRCode */ = {
			isa = PBXGroup;
			children = (
				E5FE017B20EF5EC200EDDE3F /* AppDelegate.h */,
				E5FE017C20EF5EC200EDDE3F /* AppDelegate.m */,
				E5FE017E20EF5EC200EDDE3F /* ViewController.h */,
				E5FE017F20EF5EC200EDDE3F /* ViewController.m */,
				E5FE01B220EF62E400EDDE3F /* VCQRScanViewController.h */,
				E5FE01B320EF62E400EDDE3F /* VCQRScanViewController.m */,
				E5FE018120EF5EC200EDDE3F /* Main.storyboard */,
				E5FE018420EF5EC300EDDE3F /* Assets.xcassets */,
				E5FE018620EF5EC300EDDE3F /* LaunchScreen.storyboard */,
				E5FE018920EF5EC300EDDE3F /* Info.plist */,
				E5FE018A20EF5EC300EDDE3F /* main.m */,
				E5FE01B520F2F32300EDDE3F /* VCQRScanView.h */,
				E5FE01B620F2F32300EDDE3F /* VCQRScanView.m */,
				E577C18F20F449F900724D3B /* VCQRReader.h */,
				E577C19020F449F900724D3B /* VCQRReader.m */,
			);
			path = VCQRCode;
			sourceTree = "<group>";
		};
		E5FE019320EF5EC300EDDE3F /* VCQRCodeTests */ = {
			isa = PBXGroup;
			children = (
				E5FE019420EF5EC300EDDE3F /* VCQRCodeTests.m */,
				E5FE019620EF5EC300EDDE3F /* Info.plist */,
			);
			path = VCQRCodeTests;
			sourceTree = "<group>";
		};
		E5FE019E20EF5EC300EDDE3F /* VCQRCodeUITests */ = {
			isa = PBXGroup;
			children = (
				E5FE019F20EF5EC300EDDE3F /* VCQRCodeUITests.m */,
				E5FE01A120EF5EC300EDDE3F /* Info.plist */,
			);
			path = VCQRCodeUITests;
			sourceTree = "<group>";
		};
		E5FE01AD20EF5F0100EDDE3F /* Frameworks */ = {
			isa = PBXGroup;
			children = (
				E5FE01B020EF5F0B00EDDE3F /* AVKit.framework */,
				E5FE01AE20EF5F0200EDDE3F /* AVFoundation.framework */,
			);
			name = Frameworks;
			sourceTree = "<group>";
		};
/* End PBXGroup section */

/* Begin PBXNativeTarget section */
		E5FE017720EF5EC200EDDE3F /* VCQRCode */ = {
			isa = PBXNativeTarget;
			buildConfigurationList = E5FE01A420EF5EC300EDDE3F /* Build configuration list for PBXNativeTarget "VCQRCode" */;
			buildPhases = (
				E5FE017420EF5EC200EDDE3F /* Sources */,
				E5FE017520EF5EC200EDDE3F /* Frameworks */,
				E5FE017620EF5EC200EDDE3F /* Resources */,
			);
			buildRules = (
			);
			dependencies = (
			);
			name = VCQRCode;
			productName = VCQRCode;
			productReference = E5FE017820EF5EC200EDDE3F /* VCQRCode.app */;
			productType = "com.apple.product-type.application";
		};
		E5FE018F20EF5EC300EDDE3F /* VCQRCodeTests */ = {
			isa = PBXNativeTarget;
			buildConfigurationList = E5FE01A720EF5EC300EDDE3F /* Build configuration list for PBXNativeTarget "VCQRCodeTests" */;
			buildPhases = (
				E5FE018C20EF5EC300EDDE3F /* Sources */,
				E5FE018D20EF5EC300EDDE3F /* Frameworks */,
				E5FE018E20EF5EC300EDDE3F /* Resources */,
			);
			buildRules = (
			);
			dependencies = (
				E5FE019220EF5EC300EDDE3F /* PBXTargetDependency */,
			);
			name = VCQRCodeTests;
			productName = VCQRCodeTests;
			productReference = E5FE019020EF5EC300EDDE3F /* VCQRCodeTests.xctest */;
			productType = "com.apple.product-type.bundle.unit-test";
		};
		E5FE019A20EF5EC300EDDE3F /* VCQRCodeUITests */ = {
			isa = PBXNativeTarget;
			buildConfigurationList = E5FE01AA20EF5EC300EDDE3F /* Build configuration list for PBXNativeTarget "VCQRCodeUITests" */;
			buildPhases = (
				E5FE019720EF5EC300EDDE3F /* Sources */,
				E5FE019820EF5EC300EDDE3F /* Frameworks */,
				E5FE019920EF5EC300EDDE3F /* Resources */,
			);
			buildRules = (
			);
			dependencies = (
				E5FE019D20EF5EC300EDDE3F /* PBXTargetDependency */,
			);
			name = VCQRCodeUITests;
			productName = VCQRCodeUITests;
			productReference = E5FE019B20EF5EC300EDDE3F /* VCQRCodeUITests.xctest */;
			productType = "com.apple.product-type.bundle.ui-testing";
		};
/* End PBXNativeTarget section */

/* Begin PBXProject section */
		E5FE017020EF5EC200EDDE3F /* Project object */ = {
			isa = PBXProject;
			attributes = {
				LastUpgradeCheck = 0940;
				TargetAttributes = {
					E5FE017720EF5EC200EDDE3F = {
						CreatedOnToolsVersion = 9.4;
					};
					E5FE018F20EF5EC300EDDE3F = {
						CreatedOnToolsVersion = 9.4;
						TestTargetID = E5FE017720EF5EC200EDDE3F;
					};
					E5FE019A20EF5EC300EDDE3F = {
						CreatedOnToolsVersion = 9.4;
						TestTargetID = E5FE017720EF5EC200EDDE3F;
					};
				};
			};
			buildConfigurationList = E5FE017320EF5EC200EDDE3F /* Build configuration list for PBXProject "VCQRCode" */;
			compatibilityVersion = "Xcode 9.3";
			developmentRegion = en;
			hasScannedForEncodings = 0;
			knownRegions = (
				en,
				Base,
			);
			mainGroup = E5FE016F20EF5EC200EDDE3F;
			productRefGroup = E5FE017920EF5EC200EDDE3F /* Products */;
			projectDirPath = "";
			projectRoot = "";
			targets = (
				E5FE017720EF5EC200EDDE3F /* VCQRCode */,
				E5FE018F20EF5EC300EDDE3F /* VCQRCodeTests */,
				E5FE019A20EF5EC300EDDE3F /* VCQRCodeUITests */,
			);
		};
/* End PBXProject section */

/* Begin PBXResourcesBuildPhase section */
		E5FE017620EF5EC200EDDE3F /* Resources */ = {
			isa = PBXResourcesBuildPhase;
			buildActionMask = 2147483647;
			files = (
				E5FE018820EF5EC300EDDE3F /* LaunchScreen.storyboard in Resources */,
				E5FE018520EF5EC300EDDE3F /* Assets.xcassets in Resources */,
				E5FE018320EF5EC200EDDE3F /* Main.storyboard in Resources */,
			);
			runOnlyForDeploymentPostprocessing = 0;
		};
		E5FE018E20EF5EC300EDDE3F /* Resources */ = {
			isa = PBXResourcesBuildPhase;
			buildActionMask = 2147483647;
			files = (
			);
			runOnlyForDeploymentPostprocessing = 0;
		};
		E5FE019920EF5EC300EDDE3F /* Resources */ = {
			isa = PBXResourcesBuildPhase;
			buildActionMask = 2147483647;
			files = (
			);
			runOnlyForDeploymentPostprocessing = 0;
		};
/* End PBXResourcesBuildPhase section */

/* Begin PBXSourcesBuildPhase section */
		E5FE017420EF5EC200EDDE3F /* Sources */ = {
			isa = PBXSourcesBuildPhase;
			buildActionMask = 2147483647;
			files = (
				E5FE01B720F2F32300EDDE3F /* VCQRScanView.m in Sources */,
				E5FE018020EF5EC200EDDE3F /* ViewController.m in Sources */,
				E577C19120F449F900724D3B /* VCQRReader.m in Sources */,
				E5FE018B20EF5EC300EDDE3F /* main.m in Sources */,
				E5FE017D20EF5EC200EDDE3F /* AppDelegate.m in Sources */,
				E5FE01B420EF62E400EDDE3F /* VCQRScanViewController.m in Sources */,
			);
			runOnlyForDeploymentPostprocessing = 0;
		};
		E5FE018C20EF5EC300EDDE3F /* Sources */ = {
			isa = PBXSourcesBuildPhase;
			buildActionMask = 2147483647;
			files = (
				E5FE019520EF5EC300EDDE3F /* VCQRCodeTests.m in Sources */,
			);
			runOnlyForDeploymentPostprocessing = 0;
		};
		E5FE019720EF5EC300EDDE3F /* Sources */ = {
			isa = PBXSourcesBuildPhase;
			buildActionMask = 2147483647;
			files = (
				E5FE01A020EF5EC300EDDE3F /* VCQRCodeUITests.m in Sources */,
			);
			runOnlyForDeploymentPostprocessing = 0;
		};
/* End PBXSourcesBuildPhase section */

/* Begin PBXTargetDependency section */
		E5FE019220EF5EC300EDDE3F /* PBXTargetDependency */ = {
			isa = PBXTargetDependency;
			target = E5FE017720EF5EC200EDDE3F /* VCQRCode */;
			targetProxy = E5FE019120EF5EC300EDDE3F /* PBXContainerItemProxy */;
		};
		E5FE019D20EF5EC300EDDE3F /* PBXTargetDependency */ = {
			isa = PBXTargetDependency;
			target = E5FE017720EF5EC200EDDE3F /* VCQRCode */;
			targetProxy = E5FE019C20EF5EC300EDDE3F /* PBXContainerItemProxy */;
		};
/* End PBXTargetDependency section */

/* Begin PBXVariantGroup section */
		E5FE018120EF5EC200EDDE3F /* Main.storyboard */ = {
			isa = PBXVariantGroup;
			children = (
				E5FE018220EF5EC200EDDE3F /* Base */,
			);
			name = Main.storyboard;
			sourceTree = "<group>";
		};
		E5FE018620EF5EC300EDDE3F /* LaunchScreen.storyboard */ = {
			isa = PBXVariantGroup;
			children = (
				E5FE018720EF5EC300EDDE3F /* Base */,
			);
			name = LaunchScreen.storyboard;
			sourceTree = "<group>";
		};
/* End PBXVariantGroup section */

/* Begin XCBuildConfiguration section */
		E5FE01A220EF5EC300EDDE3F /* Debug */ = {
			isa = XCBuildConfiguration;
			buildSettings = {
				ALWAYS_SEARCH_USER_PATHS = NO;
				CLANG_ANALYZER_NONNULL = YES;
				CLANG_ANALYZER_NUMBER_OBJECT_CONVERSION = YES_AGGRESSIVE;
				CLANG_CXX_LANGUAGE_STANDARD = "gnu++14";
				CLANG_CXX_LIBRARY = "libc++";
				CLANG_ENABLE_MODULES = YES;
				CLANG_ENABLE_OBJC_ARC = YES;
				CLANG_ENABLE_OBJC_WEAK = YES;
				CLANG_WARN_BLOCK_CAPTURE_AUTORELEASING = YES;
				CLANG_WARN_BOOL_CONVERSION = YES;
				CLANG_WARN_COMMA = YES;
				CLANG_WARN_CONSTANT_CONVERSION = YES;
				CLANG_WARN_DEPRECATED_OBJC_IMPLEMENTATIONS = YES;
				CLANG_WARN_DIRECT_OBJC_ISA_USAGE = YES_ERROR;
				CLANG_WARN_DOCUMENTATION_COMMENTS = YES;
				CLANG_WARN_EMPTY_BODY = YES;
				CLANG_WARN_ENUM_CONVERSION = YES;
				CLANG_WARN_INFINITE_RECURSION = YES;
				CLANG_WARN_INT_CONVERSION = YES;
				CLANG_WARN_NON_LITERAL_NULL_CONVERSION = YES;
				CLANG_WARN_OBJC_IMPLICIT_RETAIN_SELF = YES;
				CLANG_WARN_OBJC_LITERAL_CONVERSION = YES;
				CLANG_WARN_OBJC_ROOT_CLASS = YES_ERROR;
				CLANG_WARN_RANGE_LOOP_ANALYSIS = YES;
				CLANG_WARN_STRICT_PROTOTYPES = YES;
				CLANG_WARN_SUSPICIOUS_MOVE = YES;
				CLANG_WARN_UNGUARDED_AVAILABILITY = YES_AGGRESSIVE;
				CLANG_WARN_UNREACHABLE_CODE = YES;
				CLANG_WARN__DUPLICATE_METHOD_MATCH = YES;
				CODE_SIGN_IDENTITY = "iPhone Developer";
				COPY_PHASE_STRIP = NO;
				DEBUG_INFORMATION_FORMAT = dwarf;
				ENABLE_STRICT_OBJC_MSGSEND = YES;
				ENABLE_TESTABILITY = YES;
				GCC_C_LANGUAGE_STANDARD = gnu11;
				GCC_DYNAMIC_NO_PIC = NO;
				GCC_NO_COMMON_BLOCKS = YES;
				GCC_OPTIMIZATION_LEVEL = 0;
				GCC_PREPROCESSOR_DEFINITIONS = (
					"DEBUG=1",
					"$(inherited)",
				);
				GCC_WARN_64_TO_32_BIT_CONVERSION = YES;
				GCC_WARN_ABOUT_RETURN_TYPE = YES_ERROR;
				GCC_WARN_UNDECLARED_SELECTOR = YES;
				GCC_WARN_UNINITIALIZED_AUTOS = YES_AGGRESSIVE;
				GCC_WARN_UNUSED_FUNCTION = YES;
				GCC_WARN_UNUSED_VARIABLE = YES;
				IPHONEOS_DEPLOYMENT_TARGET = 11.4;
				MTL_ENABLE_DEBUG_INFO = YES;
				ONLY_ACTIVE_ARCH = YES;
				SDKROOT = iphoneos;
			};
			name = Debug;
		};
		E5FE01A320EF5EC300EDDE3F /* Release */ = {
			isa = XCBuildConfiguration;
			buildSettings = {
				ALWAYS_SEARCH_USER_PATHS = NO;
				CLANG_ANALYZER_NONNULL = YES;
				CLANG_ANALYZER_NUMBER_OBJECT_CONVERSION = YES_AGGRESSIVE;
				CLANG_CXX_LANGUAGE_STANDARD = "gnu++14";
				CLANG_CXX_LIBRARY = "libc++";
				CLANG_ENABLE_MODULES = YES;
				CLANG_ENABLE_OBJC_ARC = YES;
				CLANG_ENABLE_OBJC_WEAK = YES;
				CLANG_WARN_BLOCK_CAPTURE_AUTORELEASING = YES;
				CLANG_WARN_BOOL_CONVERSION = YES;
				CLANG_WARN_COMMA = YES;
				CLANG_WARN_CONSTANT_CONVERSION = YES;
				CLANG_WARN_DEPRECATED_OBJC_IMPLEMENTATIONS = YES;
				CLANG_WARN_DIRECT_OBJC_ISA_USAGE = YES_ERROR;
				CLANG_WARN_DOCUMENTATION_COMMENTS = YES;
				CLANG_WARN_EMPTY_BODY = YES;
				CLANG_WARN_ENUM_CONVERSION = YES;
				CLANG_WARN_INFINITE_RECURSION = YES;
				CLANG_WARN_INT_CONVERSION = YES;
				CLANG_WARN_NON_LITERAL_NULL_CONVERSION = YES;
				CLANG_WARN_OBJC_IMPLICIT_RETAIN_SELF = YES;
				CLANG_WARN_OBJC_LITERAL_CONVERSION = YES;
				CLANG_WARN_OBJC_ROOT_CLASS = YES_ERROR;
				CLANG_WARN_RANGE_LOOP_ANALYSIS = YES;
				CLANG_WARN_STRICT_PROTOTYPES = YES;
				CLANG_WARN_SUSPICIOUS_MOVE = YES;
				CLANG_WARN_UNGUARDED_AVAILABILITY = YES_AGGRESSIVE;
				CLANG_WARN_UNREACHABLE_CODE = YES;
				CLANG_WARN__DUPLICATE_METHOD_MATCH = YES;
				CODE_SIGN_IDENTITY = "iPhone Developer";
				COPY_PHASE_STRIP = NO;
				DEBUG_INFORMATION_FORMAT = "dwarf-with-dsym";
				ENABLE_NS_ASSERTIONS = NO;
				ENABLE_STRICT_OBJC_MSGSEND = YES;
				GCC_C_LANGUAGE_STANDARD = gnu11;
				GCC_NO_COMMON_BLOCKS = YES;
				GCC_WARN_64_TO_32_BIT_CONVERSION = YES;
				GCC_WARN_ABOUT_RETURN_TYPE = YES_ERROR;
				GCC_WARN_UNDECLARED_SELECTOR = YES;
				GCC_WARN_UNINITIALIZED_AUTOS = YES_AGGRESSIVE;
				GCC_WARN_UNUSED_FUNCTION = YES;
				GCC_WARN_UNUSED_VARIABLE = YES;
				IPHONEOS_DEPLOYMENT_TARGET = 11.4;
				MTL_ENABLE_DEBUG_INFO = NO;
				SDKROOT = iphoneos;
				VALIDATE_PRODUCT = YES;
			};
			name = Release;
		};
		E5FE01A520EF5EC300EDDE3F /* Debug */ = {
			isa = XCBuildConfiguration;
			buildSettings = {
				ASSETCATALOG_COMPILER_APPICON_NAME = AppIcon;
				CODE_SIGN_STYLE = Automatic;
				DEVELOPMENT_TEAM = DRQCN6N2LA;
				INFOPLIST_FILE = VCQRCode/Info.plist;
				LD_RUNPATH_SEARCH_PATHS = (
					"$(inherited)",
					"@executable_path/Frameworks",
				);
				PRODUCT_BUNDLE_IDENTIFIER = valyn.VCQRCode;
				PRODUCT_NAME = "$(TARGET_NAME)";
				TARGETED_DEVICE_FAMILY = "1,2";
			};
			name = Debug;
		};
		E5FE01A620EF5EC300EDDE3F /* Release */ = {
			isa = XCBuildConfiguration;
			buildSettings = {
				ASSETCATALOG_COMPILER_APPICON_NAME = AppIcon;
				CODE_SIGN_STYLE = Automatic;
				DEVELOPMENT_TEAM = DRQCN6N2LA;
				INFOPLIST_FILE = VCQRCode/Info.plist;
				LD_RUNPATH_SEARCH_PATHS = (
					"$(inherited)",
					"@executable_path/Frameworks",
				);
				PRODUCT_BUNDLE_IDENTIFIER = valyn.VCQRCode;
				PRODUCT_NAME = "$(TARGET_NAME)";
				TARGETED_DEVICE_FAMILY = "1,2";
			};
			name = Release;
		};
		E5FE01A820EF5EC300EDDE3F /* Debug */ = {
			isa = XCBuildConfiguration;
			buildSettings = {
				BUNDLE_LOADER = "$(TEST_HOST)";
				CODE_SIGN_STYLE = Automatic;
				DEVELOPMENT_TEAM = DRQCN6N2LA;
				INFOPLIST_FILE = VCQRCodeTests/Info.plist;
				LD_RUNPATH_SEARCH_PATHS = (
					"$(inherited)",
					"@executable_path/Frameworks",
					"@loader_path/Frameworks",
				);
				PRODUCT_BUNDLE_IDENTIFIER = valyn.VCQRCodeTests;
				PRODUCT_NAME = "$(TARGET_NAME)";
				TARGETED_DEVICE_FAMILY = "1,2";
				TEST_HOST = "$(BUILT_PRODUCTS_DIR)/VCQRCode.app/VCQRCode";
			};
			name = Debug;
		};
		E5FE01A920EF5EC300EDDE3F /* Release */ = {
			isa = XCBuildConfiguration;
			buildSettings = {
				BUNDLE_LOADER = "$(TEST_HOST)";
				CODE_SIGN_STYLE = Automatic;
				DEVELOPMENT_TEAM = DRQCN6N2LA;
				INFOPLIST_FILE = VCQRCodeTests/Info.plist;
				LD_RUNPATH_SEARCH_PATHS = (
					"$(inherited)",
					"@executable_path/Frameworks",
					"@loader_path/Frameworks",
				);
				PRODUCT_BUNDLE_IDENTIFIER = valyn.VCQRCodeTests;
				PRODUCT_NAME = "$(TARGET_NAME)";
				TARGETED_DEVICE_FAMILY = "1,2";
				TEST_HOST = "$(BUILT_PRODUCTS_DIR)/VCQRCode.app/VCQRCode";
			};
			name = Release;
		};
		E5FE01AB20EF5EC300EDDE3F /* Debug */ = {
			isa = XCBuildConfiguration;
			buildSettings = {
				CODE_SIGN_STYLE = Automatic;
				DEVELOPMENT_TEAM = DRQCN6N2LA;
				INFOPLIST_FILE = VCQRCodeUITests/Info.plist;
				LD_RUNPATH_SEARCH_PATHS = (
					"$(inherited)",
					"@executable_path/Frameworks",
					"@loader_path/Frameworks",
				);
				PRODUCT_BUNDLE_IDENTIFIER = valyn.VCQRCodeUITests;
				PRODUCT_NAME = "$(TARGET_NAME)";
				TARGETED_DEVICE_FAMILY = "1,2";
				TEST_TARGET_NAME = VCQRCode;
			};
			name = Debug;
		};
		E5FE01AC20EF5EC300EDDE3F /* Release */ = {
			isa = XCBuildConfiguration;
			buildSettings = {
				CODE_SIGN_STYLE = Automatic;
				DEVELOPMENT_TEAM = DRQCN6N2LA;
				INFOPLIST_FILE = VCQRCodeUITests/Info.plist;
				LD_RUNPATH_SEARCH_PATHS = (
					"$(inherited)",
					"@executable_path/Frameworks",
					"@loader_path/Frameworks",
				);
				PRODUCT_BUNDLE_IDENTIFIER = valyn.VCQRCodeUITests;
				PRODUCT_NAME = "$(TARGET_NAME)";
				TARGETED_DEVICE_FAMILY = "1,2";
				TEST_TARGET_NAME = VCQRCode;
			};
			name = Release;
		};
/* End XCBuildConfiguration section */

/* Begin XCConfigurationList section */
		E5FE017320EF5EC200EDDE3F /* Build configuration list for PBXProject "VCQRCode" */ = {
			isa = XCConfigurationList;
			buildConfigurations = (
				E5FE01A220EF5EC300EDDE3F /* Debug */,
				E5FE01A320EF5EC300EDDE3F /* Release */,
			);
			defaultConfigurationIsVisible = 0;
			defaultConfigurationName = Release;
		};
		E5FE01A420EF5EC300EDDE3F /* Build configuration list for PBXNativeTarget "VCQRCode" */ = {
			isa = XCConfigurationList;
			buildConfigurations = (
				E5FE01A520EF5EC300EDDE3F /* Debug */,
				E5FE01A620EF5EC300EDDE3F /* Release */,
			);
			defaultConfigurationIsVisible = 0;
			defaultConfigurationName = Release;
		};
		E5FE01A720EF5EC300EDDE3F /* Build configuration list for PBXNativeTarget "VCQRCodeTests" */ = {
			isa = XCConfigurationList;
			buildConfigurations = (
				E5FE01A820EF5EC300EDDE3F /* Debug */,
				E5FE01A920EF5EC300EDDE3F /* Release */,
			);
			defaultConfigurationIsVisible = 0;
			defaultConfigurationName = Release;
		};
		E5FE01AA20EF5EC300EDDE3F /* Build configuration list for PBXNativeTarget "VCQRCodeUITests" */ = {
			isa = XCConfigurationList;
			buildConfigurations = (
				E5FE01AB20EF5EC300EDDE3F /* Debug */,
				E5FE01AC20EF5EC300EDDE3F /* Release */,
			);
			defaultConfigurationIsVisible = 0;
			defaultConfigurationName = Release;
		};
/* End XCConfigurationList section */
	};
	rootObject = E5FE017020EF5EC200EDDE3F /* Project object */;
}
